
Microsoft Visual Studio Solution File, Format Version 12.00
# Visual Studio 14
VisualStudioVersion = 14.0.25420.1
MinimumVisualStudioVersion = 10.0.40219.1
Project("{8BC9CEB8-8B4A-11D0-8D11-00A0C91BC942}") = "PaintTest", "PaintTest\PaintTest.vcxproj", "{6BE05AE8-2CD1-4087-97A8-DDB4FAFC787D}"
EndProject
Global
	GlobalSection(SolutionConfigurationPlatforms) = preSolution
		Debug|x64 = Debug|x64
		Release|x64 = Release|x64
	EndGlobalSection
	GlobalSection(ProjectConfigurationPlatforms) = postSolution
		{6BE05AE8-2CD1-4087-97A8-DDB4FAFC787D}.Debug|x64.ActiveCfg = Debug|x64
		{6BE05AE8-2CD1-4087-97A8-DDB4FAFC787D}.Debug|x64.Build.0 = Debug|x64
		{6BE05AE8-2CD1-4087-97A8-DDB4FAFC787D}.Release|x64.ActiveCfg = Release|x64
		{6BE05AE8-2CD1-4087-97A8-DDB4FAFC787D}.Release|x64.Build.0 = Release|x64
	EndGlobalSection
	GlobalSection(SolutionProperties) = preSolution
		HideSolutionNode = FALSE
	EndGlobalSection
	GlobalSection(ExtensibilityGlobals) = postSolution
		SolutionGuid = {F6755F83-C73E-4A65-9DD3-9D8FA7E49575}
	EndGlobalSection
EndGlobal
